
Microsoft Visual Studio Solution File, Format Version 12.00
Project("{FAE04EC0-301F-11D3-BF4B-00C04F79EFBC}") = "LegionCore.Web", "LegionCore.Web\LegionCore.Web.csproj", "{1D6F5A31-C919-460C-8882-BEC0E8D92C7E}"
EndProject
Project("{FAE04EC0-301F-11D3-BF4B-00C04F79EFBC}") = "LegionCore.Infrastructure", "LegionCore.Infrastructure\LegionCore.Infrastructure.csproj", "{CC36ECC7-5B71-4FDC-B608-AE0DF7C2A5FD}"
EndProject
Project("{FAE04EC0-301F-11D3-BF4B-00C04F79EFBC}") = "LegionCore.Core", "LegionCore.Core\LegionCore.Core.csproj", "{EDA51FE8-F99F-4569-919E-19C810F10819}"
EndProject
Project("{FAE04EC0-301F-11D3-BF4B-00C04F79EFBC}") = "LegionCore.Discord", "LegionCore.Discord\LegionCore.Discord.csproj", "{174ADDC5-6F6A-47E8-AE54-C2BE170BCCC0}"
EndProject
Global
	GlobalSection(SolutionConfigurationPlatforms) = preSolution
		Debug|Any CPU = Debug|Any CPU
		Release|Any CPU = Release|Any CPU
	EndGlobalSection
	GlobalSection(ProjectConfigurationPlatforms) = postSolution
		{1D6F5A31-C919-460C-8882-BEC0E8D92C7E}.Debug|Any CPU.ActiveCfg = Debug|Any CPU
		{1D6F5A31-C919-460C-8882-BEC0E8D92C7E}.Debug|Any CPU.Build.0 = Debug|Any CPU
		{1D6F5A31-C919-460C-8882-BEC0E8D92C7E}.Release|Any CPU.ActiveCfg = Release|Any CPU
		{1D6F5A31-C919-460C-8882-BEC0E8D92C7E}.Release|Any CPU.Build.0 = Release|Any CPU
		{CC36ECC7-5B71-4FDC-B608-AE0DF7C2A5FD}.Debug|Any CPU.ActiveCfg = Debug|Any CPU
		{CC36ECC7-5B71-4FDC-B608-AE0DF7C2A5FD}.Debug|Any CPU.Build.0 = Debug|Any CPU
		{CC36ECC7-5B71-4FDC-B608-AE0DF7C2A5FD}.Release|Any CPU.ActiveCfg = Release|Any CPU
		{CC36ECC7-5B71-4FDC-B608-AE0DF7C2A5FD}.Release|Any CPU.Build.0 = Release|Any CPU
		{EDA51FE8-F99F-4569-919E-19C810F10819}.Debug|Any CPU.ActiveCfg = Debug|Any CPU
		{EDA51FE8-F99F-4569-919E-19C810F10819}.Debug|Any CPU.Build.0 = Debug|Any CPU
		{EDA51FE8-F99F-4569-919E-19C810F10819}.Release|Any CPU.ActiveCfg = Release|Any CPU
		{EDA51FE8-F99F-4569-919E-19C810F10819}.Release|Any CPU.Build.0 = Release|Any CPU
		{174ADDC5-6F6A-47E8-AE54-C2BE170BCCC0}.Debug|Any CPU.ActiveCfg = Debug|Any CPU
		{174ADDC5-6F6A-47E8-AE54-C2BE170BCCC0}.Debug|Any CPU.Build.0 = Debug|Any CPU
		{174ADDC5-6F6A-47E8-AE54-C2BE170BCCC0}.Release|Any CPU.ActiveCfg = Release|Any CPU
		{174ADDC5-6F6A-47E8-AE54-C2BE170BCCC0}.Release|Any CPU.Build.0 = Release|Any CPU
	EndGlobalSection
EndGlobal
